
Microsoft Visual Studio Solution File, Format Version 12.00
Project("{FAE04EC0-301F-11D3-BF4B-00C04F79EFBC}") = "Coplt.MessagePack", "Coplt.MessagePack\Coplt.MessagePack.csproj", "{1C607BCE-EFF6-46C6-96F8-F0235FAC0B64}"
EndProject
Project("{FAE04EC0-301F-11D3-BF4B-00C04F79EFBC}") = "Tests", "Tests\Tests.csproj", "{F2DA803B-13D6-4BEC-A170-7F11F5CF6899}"
EndProject
Global
	GlobalSection(SolutionConfigurationPlatforms) = preSolution
		Debug|Any CPU = Debug|Any CPU
		Release|Any CPU = Release|Any CPU
	EndGlobalSection
	GlobalSection(ProjectConfigurationPlatforms) = postSolution
		{1C607BCE-EFF6-46C6-96F8-F0235FAC0B64}.Debug|Any CPU.ActiveCfg = Debug|Any CPU
		{1C607BCE-EFF6-46C6-96F8-F0235FAC0B64}.Debug|Any CPU.Build.0 = Debug|Any CPU
		{1C607BCE-EFF6-46C6-96F8-F0235FAC0B64}.Release|Any CPU.ActiveCfg = Release|Any CPU
		{1C607BCE-EFF6-46C6-96F8-F0235FAC0B64}.Release|Any CPU.Build.0 = Release|Any CPU
		{F2DA803B-13D6-4BEC-A170-7F11F5CF6899}.Debug|Any CPU.ActiveCfg = Debug|Any CPU
		{F2DA803B-13D6-4BEC-A170-7F11F5CF6899}.Debug|Any CPU.Build.0 = Debug|Any CPU
		{F2DA803B-13D6-4BEC-A170-7F11F5CF6899}.Release|Any CPU.ActiveCfg = Release|Any CPU
		{F2DA803B-13D6-4BEC-A170-7F11F5CF6899}.Release|Any CPU.Build.0 = Release|Any CPU
	EndGlobalSection
EndGlobal
